
Microsoft Visual Studio Solution File, Format Version 12.00
# Visual Studio Version 16
VisualStudioVersion = 16.0.34031.81
MinimumVisualStudioVersion = 10.0.40219.1
Project("{2150E333-8FDC-42A3-9474-1A3956D46DE8}") = "Task5", "Task5", "{99F18DCE-F177-4863-BBEB-4807147AA27F}"
EndProject
Project("{FAE04EC0-301F-11D3-BF4B-00C04F79EFBC}") = "Tyuiu.ShabanovMS.Sprint6.Task5.V25", "Tyuiu.ShabanovMS.Sprint6.Task5.V25\Tyuiu.ShabanovMS.Sprint6.Task5.V25.csproj", "{BC3ED37E-E3AB-4883-838A-2A645931AA32}"
EndProject
Project("{FAE04EC0-301F-11D3-BF4B-00C04F79EFBC}") = "Tyuiu.ShabanovMS.Sprint6.Task5.V25.Lib", "Tyuiu.ShabanovMS.Sprint6.Task5.V25.Lib\Tyuiu.ShabanovMS.Sprint6.Task5.V25.Lib.csproj", "{AE308E77-6EF6-43F2-B7ED-2EC0074EEB26}"
EndProject
Project("{FAE04EC0-301F-11D3-BF4B-00C04F79EFBC}") = "Tyuiu.ShabanovMS.Sprint6.Task5.V25.Test", "Tyuiu.ShabanovMS.Sprint6.Task5.V25.Test\Tyuiu.ShabanovMS.Sprint6.Task5.V25.Test.csproj", "{A4A29369-2F6D-4F2A-B0C3-45C9141EB244}"
EndProject
Project("{2150E333-8FDC-42A3-9474-1A3956D46DE8}") = "Task6", "Task6", "{E1AE2558-3B7B-459C-BB17-F632FA104479}"
EndProject
Project("{2150E333-8FDC-42A3-9474-1A3956D46DE8}") = "Task0", "Task0", "{3D488BCF-CD1C-45BD-94DF-24BF0FAAB2E4}"
EndProject
Project("{FAE04EC0-301F-11D3-BF4B-00C04F79EFBC}") = "Tyuiu.ShabanovMS.Sprint6.Task0.V15", "Tyuiu.ShabanovMS.Sprint6.Task0.V15\Tyuiu.ShabanovMS.Sprint6.Task0.V15.csproj", "{61319C7B-FC9D-438F-99F6-D840F0A42AD5}"
EndProject
Project("{FAE04EC0-301F-11D3-BF4B-00C04F79EFBC}") = "Tyuiu.ShabanovMS.Sprint6.Task0.V15.Lib", "Tyuiu.ShabanovMS.Sprint6.Task0.V15.Lib\Tyuiu.ShabanovMS.Sprint6.Task0.V15.Lib.csproj", "{760F3078-3D3D-4D5C-B9C5-D34C5AC28D08}"
EndProject
Project("{FAE04EC0-301F-11D3-BF4B-00C04F79EFBC}") = "Tyuiu.ShabanovMS.Sprint6.Task0.V15.Test", "Tyuiu.ShabanovMS.Sprint6.Task0.V15.Test\Tyuiu.ShabanovMS.Sprint6.Task0.V15.Test.csproj", "{DDA8E8B9-CF49-46AD-954A-E748852E432A}"
EndProject
Project("{2150E333-8FDC-42A3-9474-1A3956D46DE8}") = "Task1", "Task1", "{93466B56-B133-485B-9C53-3F30FD7F519D}"
EndProject
Project("{FAE04EC0-301F-11D3-BF4B-00C04F79EFBC}") = "Tyuiu.ShabanovMS.Sprint6.Task1.V4", "Tyuiu.ShabanovMS.Sprint6.Task1.V4\Tyuiu.ShabanovMS.Sprint6.Task1.V4.csproj", "{0A59F594-ED0E-4E34-8D71-CDA5520F3997}"
EndProject
Project("{FAE04EC0-301F-11D3-BF4B-00C04F79EFBC}") = "Tyuiu.ShabanovMS.Sprint6.Task1.V4.Lib", "Tyuiu.ShabanovMS.Sprint6.Task1.V4.Lib\Tyuiu.ShabanovMS.Sprint6.Task1.V4.Lib.csproj", "{2A51FCE3-086D-4F91-A2EE-ED853A631882}"
EndProject
Project("{FAE04EC0-301F-11D3-BF4B-00C04F79EFBC}") = "Tyuiu.ShabanovMS.Sprint6.Task1.V4.Test", "Tyuiu.ShabanovMS.Sprint6.Task1.V4.Test\Tyuiu.ShabanovMS.Sprint6.Task1.V4.Test.csproj", "{45D6979A-43D1-45E4-A027-109E3C8CC2CA}"
EndProject
Project("{2150E333-8FDC-42A3-9474-1A3956D46DE8}") = "Task3", "Task3", "{4275923D-1E6F-40C5-8C67-E0BAAB0918A3}"
EndProject
Project("{FAE04EC0-301F-11D3-BF4B-00C04F79EFBC}") = "Tyuiu.ShabanovMS.Sprint6.Task3.V18", "Tyuiu.ShabanovMS.Sprint6.Task3.V18\Tyuiu.ShabanovMS.Sprint6.Task3.V18.csproj", "{2AB5EA62-00EE-4049-BA95-DB2EC335A7C1}"
EndProject
Project("{FAE04EC0-301F-11D3-BF4B-00C04F79EFBC}") = "Tyuiu.ShabanovMS.Sprint6.Task3.V18.Lib", "Tyuiu.ShabanovMS.Sprint6.Task3.V18.Lib\Tyuiu.ShabanovMS.Sprint6.Task3.V18.Lib.csproj", "{FDEA742C-AF78-4665-8065-67C1D49462E4}"
EndProject
Project("{FAE04EC0-301F-11D3-BF4B-00C04F79EFBC}") = "Tyuiu.ShabanovMS.Sprint6.Task3.V18.Test", "Tyuiu.ShabanovMS.Sprint6.Task3.V18.Test\Tyuiu.ShabanovMS.Sprint6.Task3.V18.Test.csproj", "{2929D3A3-F36D-4B5E-AD8B-70A67C954BC5}"
EndProject
Project("{2150E333-8FDC-42A3-9474-1A3956D46DE8}") = "Task2", "Task2", "{D67B5CEB-A614-4F4A-8AFB-3DE6544B1F77}"
EndProject
Project("{FAE04EC0-301F-11D3-BF4B-00C04F79EFBC}") = "Tyuiu.ShabanovMS.Sprint6.Task2.V2", "Tyuiu.ShabanovMS.Sprint6.Task2.V2\Tyuiu.ShabanovMS.Sprint6.Task2.V2.csproj", "{11D784EC-B559-4B1A-8FA4-C98AAE4F5DFC}"
EndProject
Project("{FAE04EC0-301F-11D3-BF4B-00C04F79EFBC}") = "Tyuiu.ShabanovMS.Sprint6.Task2.V2.Lib", "Tyuiu.ShabanovMS.Sprint6.Task2.V2.Lib\Tyuiu.ShabanovMS.Sprint6.Task2.V2.Lib.csproj", "{15B58425-F19B-4C1E-B998-8003F44B8591}"
EndProject
Project("{FAE04EC0-301F-11D3-BF4B-00C04F79EFBC}") = "Tyuiu.ShabanovMS.Sprint6.Task2.V2.Test", "Tyuiu.ShabanovMS.Sprint6.Task2.V2.Test\Tyuiu.ShabanovMS.Sprint6.Task2.V2.Test.csproj", "{15C0583B-A379-4465-BED0-D401DE0F4128}"
EndProject
Project("{2150E333-8FDC-42A3-9474-1A3956D46DE8}") = "Task4", "Task4", "{2EF4C258-7982-4AE9-BB1E-B9EE722D9BD0}"
EndProject
Project("{FAE04EC0-301F-11D3-BF4B-00C04F79EFBC}") = "Tyuiu.ShabanovMS.Sprint6.Task4.V10", "Tyuiu.ShabanovMS.Sprint6.Task4.V10\Tyuiu.ShabanovMS.Sprint6.Task4.V10.csproj", "{C233A534-37E9-4937-8940-F3A596D822D4}"
EndProject
Project("{FAE04EC0-301F-11D3-BF4B-00C04F79EFBC}") = "Tyuiu.ShabanovMS.Sprint6.Task4.V10.Lib", "Tyuiu.ShabanovMS.Sprint6.Task4.V10.Lib\Tyuiu.ShabanovMS.Sprint6.Task4.V10.Lib.csproj", "{AD3A6D64-1F00-4714-BC83-3F73D77233CA}"
EndProject
Project("{FAE04EC0-301F-11D3-BF4B-00C04F79EFBC}") = "Tyuiu.ShabanovMS.Sprint6.Task4.V10.Test", "Tyuiu.ShabanovMS.Sprint6.Task4.V10.Test\Tyuiu.ShabanovMS.Sprint6.Task4.V10.Test.csproj", "{1F1C36A3-F0D9-417D-90E5-F90AC81BA8D6}"
EndProject
Project("{FAE04EC0-301F-11D3-BF4B-00C04F79EFBC}") = "Tyuiu.ShabanovMS.Sprint6.Task6.V11", "Tyuiu.ShabanovMS.Sprint6.Task6.V11\Tyuiu.ShabanovMS.Sprint6.Task6.V11.csproj", "{B79E9DF2-BE23-4DD3-B677-CF06E8EC7457}"
EndProject
Project("{FAE04EC0-301F-11D3-BF4B-00C04F79EFBC}") = "Tyuiu.ShabanovMS.Sprint6.Task6.V11.Lib", "Tyuiu.ShabanovMS.Sprint6.Task6.V11.Lib\Tyuiu.ShabanovMS.Sprint6.Task6.V11.Lib.csproj", "{CC82145D-E132-49D8-90D7-610EDF924F62}"
EndProject
Project("{FAE04EC0-301F-11D3-BF4B-00C04F79EFBC}") = "Tyuiu.ShabanovMS.Sprint6.Task6.V11.Test", "Tyuiu.ShabanovMS.Sprint6.Task6.V11.Test\Tyuiu.ShabanovMS.Sprint6.Task6.V11.Test.csproj", "{AB5D40B0-32CB-4DC7-87CF-E19DEF53522D}"
EndProject
Project("{2150E333-8FDC-42A3-9474-1A3956D46DE8}") = "Task7", "Task7", "{3BB008B3-8523-4227-A73F-1FEEDD9A29D1}"
EndProject
Project("{FAE04EC0-301F-11D3-BF4B-00C04F79EFBC}") = "Tyuiu.ShabanovMS.Sprint6.Task7.V7", "Tyuiu.ShabanovMS.Sprint6.Task7.V7\Tyuiu.ShabanovMS.Sprint6.Task7.V7.csproj", "{2EE0A2CB-5F45-4F22-9B0B-96F725E7C34B}"
EndProject
Project("{FAE04EC0-301F-11D3-BF4B-00C04F79EFBC}") = "Tyuiu.ShabanovMS.Sprint6.Task7.V7.Lib", "Tyuiu.ShabanovMS.Sprint6.Task7.V7.Lib\Tyuiu.ShabanovMS.Sprint6.Task7.V7.Lib.csproj", "{22C06BC1-DB82-4417-9ED1-D75AF6843085}"
EndProject
Project("{FAE04EC0-301F-11D3-BF4B-00C04F79EFBC}") = "Tyuiu.ShabanovMS.Sprint6.Task7.V7.Test", "Tyuiu.ShabanovMS.Sprint6.Task7.V7.Test\Tyuiu.ShabanovMS.Sprint6.Task7.V7.Test.csproj", "{C693F4A0-644A-4B26-B4A5-EC6B1B54F126}"
EndProject
Global
	GlobalSection(SolutionConfigurationPlatforms) = preSolution
		Debug|Any CPU = Debug|Any CPU
		Release|Any CPU = Release|Any CPU
	EndGlobalSection
	GlobalSection(ProjectConfigurationPlatforms) = postSolution
		{BC3ED37E-E3AB-4883-838A-2A645931AA32}.Debug|Any CPU.ActiveCfg = Debug|Any CPU
		{BC3ED37E-E3AB-4883-838A-2A645931AA32}.Debug|Any CPU.Build.0 = Debug|Any CPU
		{BC3ED37E-E3AB-4883-838A-2A645931AA32}.Release|Any CPU.ActiveCfg = Release|Any CPU
		{BC3ED37E-E3AB-4883-838A-2A645931AA32}.Release|Any CPU.Build.0 = Release|Any CPU
		{AE308E77-6EF6-43F2-B7ED-2EC0074EEB26}.Debug|Any CPU.ActiveCfg = Debug|Any CPU
		{AE308E77-6EF6-43F2-B7ED-2EC0074EEB26}.Debug|Any CPU.Build.0 = Debug|Any CPU
		{AE308E77-6EF6-43F2-B7ED-2EC0074EEB26}.Release|Any CPU.ActiveCfg = Release|Any CPU
		{AE308E77-6EF6-43F2-B7ED-2EC0074EEB26}.Release|Any CPU.Build.0 = Release|Any CPU
		{A4A29369-2F6D-4F2A-B0C3-45C9141EB244}.Debug|Any CPU.ActiveCfg = Debug|Any CPU
		{A4A29369-2F6D-4F2A-B0C3-45C9141EB244}.Debug|Any CPU.Build.0 = Debug|Any CPU
		{A4A29369-2F6D-4F2A-B0C3-45C9141EB244}.Release|Any CPU.ActiveCfg = Release|Any CPU
		{A4A29369-2F6D-4F2A-B0C3-45C9141EB244}.Release|Any CPU.Build.0 = Release|Any CPU
		{61319C7B-FC9D-438F-99F6-D840F0A42AD5}.Debug|Any CPU.ActiveCfg = Debug|Any CPU
		{61319C7B-FC9D-438F-99F6-D840F0A42AD5}.Debug|Any CPU.Build.0 = Debug|Any CPU
		{61319C7B-FC9D-438F-99F6-D840F0A42AD5}.Release|Any CPU.ActiveCfg = Release|Any CPU
		{61319C7B-FC9D-438F-99F6-D840F0A42AD5}.Release|Any CPU.Build.0 = Release|Any CPU
		{760F3078-3D3D-4D5C-B9C5-D34C5AC28D08}.Debug|Any CPU.ActiveCfg = Debug|Any CPU
		{760F3078-3D3D-4D5C-B9C5-D34C5AC28D08}.Debug|Any CPU.Build.0 = Debug|Any CPU
		{760F3078-3D3D-4D5C-B9C5-D34C5AC28D08}.Release|Any CPU.ActiveCfg = Release|Any CPU
		{760F3078-3D3D-4D5C-B9C5-D34C5AC28D08}.Release|Any CPU.Build.0 = Release|Any CPU
		{DDA8E8B9-CF49-46AD-954A-E748852E432A}.Debug|Any CPU.ActiveCfg = Debug|Any CPU
		{DDA8E8B9-CF49-46AD-954A-E748852E432A}.Debug|Any CPU.Build.0 = Debug|Any CPU
		{DDA8E8B9-CF49-46AD-954A-E748852E432A}.Release|Any CPU.ActiveCfg = Release|Any CPU
		{DDA8E8B9-CF49-46AD-954A-E748852E432A}.Release|Any CPU.Build.0 = Release|Any CPU
		{0A59F594-ED0E-4E34-8D71-CDA5520F3997}.Debug|Any CPU.ActiveCfg = Debug|Any CPU
		{0A59F594-ED0E-4E34-8D71-CDA5520F3997}.Debug|Any CPU.Build.0 = Debug|Any CPU
		{0A59F594-ED0E-4E34-8D71-CDA5520F3997}.Release|Any CPU.ActiveCfg = Release|Any CPU
		{0A59F594-ED0E-4E34-8D71-CDA5520F3997}.Release|Any CPU.Build.0 = Release|Any CPU
		{2A51FCE3-086D-4F91-A2EE-ED853A631882}.Debug|Any CPU.ActiveCfg = Debug|Any CPU
		{2A51FCE3-086D-4F91-A2EE-ED853A631882}.Debug|Any CPU.Build.0 = Debug|Any CPU
		{2A51FCE3-086D-4F91-A2EE-ED853A631882}.Release|Any CPU.ActiveCfg = Release|Any CPU
		{2A51FCE3-086D-4F91-A2EE-ED853A631882}.Release|Any CPU.Build.0 = Release|Any CPU
		{45D6979A-43D1-45E4-A027-109E3C8CC2CA}.Debug|Any CPU.ActiveCfg = Debug|Any CPU
		{45D6979A-43D1-45E4-A027-109E3C8CC2CA}.Debug|Any CPU.Build.0 = Debug|Any CPU
		{45D6979A-43D1-45E4-A027-109E3C8CC2CA}.Release|Any CPU.ActiveCfg = Release|Any CPU
		{45D6979A-43D1-45E4-A027-109E3C8CC2CA}.Release|Any CPU.Build.0 = Release|Any CPU
		{2AB5EA62-00EE-4049-BA95-DB2EC335A7C1}.Debug|Any CPU.ActiveCfg = Debug|Any CPU
		{2AB5EA62-00EE-4049-BA95-DB2EC335A7C1}.Debug|Any CPU.Build.0 = Debug|Any CPU
		{2AB5EA62-00EE-4049-BA95-DB2EC335A7C1}.Release|Any CPU.ActiveCfg = Release|Any CPU
		{2AB5EA62-00EE-4049-BA95-DB2EC335A7C1}.Release|Any CPU.Build.0 = Release|Any CPU
		{FDEA742C-AF78-4665-8065-67C1D49462E4}.Debug|Any CPU.ActiveCfg = Debug|Any CPU
		{FDEA742C-AF78-4665-8065-67C1D49462E4}.Debug|Any CPU.Build.0 = Debug|Any CPU
		{FDEA742C-AF78-4665-8065-67C1D49462E4}.Release|Any CPU.ActiveCfg = Release|Any CPU
		{FDEA742C-AF78-4665-8065-67C1D49462E4}.Release|Any CPU.Build.0 = Release|Any CPU
		{2929D3A3-F36D-4B5E-AD8B-70A67C954BC5}.Debug|Any CPU.ActiveCfg = Debug|Any CPU
		{2929D3A3-F36D-4B5E-AD8B-70A67C954BC5}.Debug|Any CPU.Build.0 = Debug|Any CPU
		{2929D3A3-F36D-4B5E-AD8B-70A67C954BC5}.Release|Any CPU.ActiveCfg = Release|Any CPU
		{2929D3A3-F36D-4B5E-AD8B-70A67C954BC5}.Release|Any CPU.Build.0 = Release|Any CPU
		{11D784EC-B559-4B1A-8FA4-C98AAE4F5DFC}.Debug|Any CPU.ActiveCfg = Debug|Any CPU
		{11D784EC-B559-4B1A-8FA4-C98AAE4F5DFC}.Debug|Any CPU.Build.0 = Debug|Any CPU
		{11D784EC-B559-4B1A-8FA4-C98AAE4F5DFC}.Release|Any CPU.ActiveCfg = Release|Any CPU
		{11D784EC-B559-4B1A-8FA4-C98AAE4F5DFC}.Release|Any CPU.Build.0 = Release|Any CPU
		{15B58425-F19B-4C1E-B998-8003F44B8591}.Debug|Any CPU.ActiveCfg = Debug|Any CPU
		{15B58425-F19B-4C1E-B998-8003F44B8591}.Debug|Any CPU.Build.0 = Debug|Any CPU
		{15B58425-F19B-4C1E-B998-8003F44B8591}.Release|Any CPU.ActiveCfg = Release|Any CPU
		{15B58425-F19B-4C1E-B998-8003F44B8591}.Release|Any CPU.Build.0 = Release|Any CPU
		{15C0583B-A379-4465-BED0-D401DE0F4128}.Debug|Any CPU.ActiveCfg = Debug|Any CPU
		{15C0583B-A379-4465-BED0-D401DE0F4128}.Debug|Any CPU.Build.0 = Debug|Any CPU
		{15C0583B-A379-4465-BED0-D401DE0F4128}.Release|Any CPU.ActiveCfg = Release|Any CPU
		{15C0583B-A379-4465-BED0-D401DE0F4128}.Release|Any CPU.Build.0 = Release|Any CPU
		{C233A534-37E9-4937-8940-F3A596D822D4}.Debug|Any CPU.ActiveCfg = Debug|Any CPU
		{C233A534-37E9-4937-8940-F3A596D822D4}.Debug|Any CPU.Build.0 = Debug|Any CPU
		{C233A534-37E9-4937-8940-F3A596D822D4}.Release|Any CPU.ActiveCfg = Release|Any CPU
		{C233A534-37E9-4937-8940-F3A596D822D4}.Release|Any CPU.Build.0 = Release|Any CPU
		{AD3A6D64-1F00-4714-BC83-3F73D77233CA}.Debug|Any CPU.ActiveCfg = Debug|Any CPU
		{AD3A6D64-1F00-4714-BC83-3F73D77233CA}.Debug|Any CPU.Build.0 = Debug|Any CPU
		{AD3A6D64-1F00-4714-BC83-3F73D77233CA}.Release|Any CPU.ActiveCfg = Release|Any CPU
		{AD3A6D64-1F00-4714-BC83-3F73D77233CA}.Release|Any CPU.Build.0 = Release|Any CPU
		{1F1C36A3-F0D9-417D-90E5-F90AC81BA8D6}.Debug|Any CPU.ActiveCfg = Debug|Any CPU
		{1F1C36A3-F0D9-417D-90E5-F90AC81BA8D6}.Debug|Any CPU.Build.0 = Debug|Any CPU
		{1F1C36A3-F0D9-417D-90E5-F90AC81BA8D6}.Release|Any CPU.ActiveCfg = Release|Any CPU
		{1F1C36A3-F0D9-417D-90E5-F90AC81BA8D6}.Release|Any CPU.Build.0 = Release|Any CPU
		{B79E9DF2-BE23-4DD3-B677-CF06E8EC7457}.Debug|Any CPU.ActiveCfg = Debug|Any CPU
		{B79E9DF2-BE23-4DD3-B677-CF06E8EC7457}.Debug|Any CPU.Build.0 = Debug|Any CPU
		{B79E9DF2-BE23-4DD3-B677-CF06E8EC7457}.Release|Any CPU.ActiveCfg = Release|Any CPU
		{B79E9DF2-BE23-4DD3-B677-CF06E8EC7457}.Release|Any CPU.Build.0 = Release|Any CPU
		{CC82145D-E132-49D8-90D7-610EDF924F62}.Debug|Any CPU.ActiveCfg = Debug|Any CPU
		{CC82145D-E132-49D8-90D7-610EDF924F62}.Debug|Any CPU.Build.0 = Debug|Any CPU
		{CC82145D-E132-49D8-90D7-610EDF924F62}.Release|Any CPU.ActiveCfg = Release|Any CPU
		{CC82145D-E132-49D8-90D7-610EDF924F62}.Release|Any CPU.Build.0 = Release|Any CPU
		{AB5D40B0-32CB-4DC7-87CF-E19DEF53522D}.Debug|Any CPU.ActiveCfg = Debug|Any CPU
		{AB5D40B0-32CB-4DC7-87CF-E19DEF53522D}.Debug|Any CPU.Build.0 = Debug|Any CPU
		{AB5D40B0-32CB-4DC7-87CF-E19DEF53522D}.Release|Any CPU.ActiveCfg = Release|Any CPU
		{AB5D40B0-32CB-4DC7-87CF-E19DEF53522D}.Release|Any CPU.Build.0 = Release|Any CPU
		{2EE0A2CB-5F45-4F22-9B0B-96F725E7C34B}.Debug|Any CPU.ActiveCfg = Debug|Any CPU
		{2EE0A2CB-5F45-4F22-9B0B-96F725E7C34B}.Debug|Any CPU.Build.0 = Debug|Any CPU
		{2EE0A2CB-5F45-4F22-9B0B-96F725E7C34B}.Release|Any CPU.ActiveCfg = Release|Any CPU
		{2EE0A2CB-5F45-4F22-9B0B-96F725E7C34B}.Release|Any CPU.Build.0 = Release|Any CPU
		{22C06BC1-DB82-4417-9ED1-D75AF6843085}.Debug|Any CPU.ActiveCfg = Debug|Any CPU
		{22C06BC1-DB82-4417-9ED1-D75AF6843085}.Debug|Any CPU.Build.0 = Debug|Any CPU
		{22C06BC1-DB82-4417-9ED1-D75AF6843085}.Release|Any CPU.ActiveCfg = Release|Any CPU
		{22C06BC1-DB82-4417-9ED1-D75AF6843085}.Release|Any CPU.Build.0 = Release|Any CPU
		{C693F4A0-644A-4B26-B4A5-EC6B1B54F126}.Debug|Any CPU.ActiveCfg = Debug|Any CPU
		{C693F4A0-644A-4B26-B4A5-EC6B1B54F126}.Debug|Any CPU.Build.0 = Debug|Any CPU
		{C693F4A0-644A-4B26-B4A5-EC6B1B54F126}.Release|Any CPU.ActiveCfg = Release|Any CPU
		{C693F4A0-644A-4B26-B4A5-EC6B1B54F126}.Release|Any CPU.Build.0 = Release|Any CPU
	EndGlobalSection
	GlobalSection(SolutionProperties) = preSolution
		HideSolutionNode = FALSE
	EndGlobalSection
	GlobalSection(NestedProjects) = preSolution
		{BC3ED37E-E3AB-4883-838A-2A645931AA32} = {99F18DCE-F177-4863-BBEB-4807147AA27F}
		{AE308E77-6EF6-43F2-B7ED-2EC0074EEB26} = {99F18DCE-F177-4863-BBEB-4807147AA27F}
		{A4A29369-2F6D-4F2A-B0C3-45C9141EB244} = {99F18DCE-F177-4863-BBEB-4807147AA27F}
		{61319C7B-FC9D-438F-99F6-D840F0A42AD5} = {3D488BCF-CD1C-45BD-94DF-24BF0FAAB2E4}
		{760F3078-3D3D-4D5C-B9C5-D34C5AC28D08} = {3D488BCF-CD1C-45BD-94DF-24BF0FAAB2E4}
		{DDA8E8B9-CF49-46AD-954A-E748852E432A} = {3D488BCF-CD1C-45BD-94DF-24BF0FAAB2E4}
		{0A59F594-ED0E-4E34-8D71-CDA5520F3997} = {93466B56-B133-485B-9C53-3F30FD7F519D}
		{2A51FCE3-086D-4F91-A2EE-ED853A631882} = {93466B56-B133-485B-9C53-3F30FD7F519D}
		{45D6979A-43D1-45E4-A027-109E3C8CC2CA} = {93466B56-B133-485B-9C53-3F30FD7F519D}
		{2AB5EA62-00EE-4049-BA95-DB2EC335A7C1} = {4275923D-1E6F-40C5-8C67-E0BAAB0918A3}
		{FDEA742C-AF78-4665-8065-67C1D49462E4} = {4275923D-1E6F-40C5-8C67-E0BAAB0918A3}
		{2929D3A3-F36D-4B5E-AD8B-70A67C954BC5} = {4275923D-1E6F-40C5-8C67-E0BAAB0918A3}
		{11D784EC-B559-4B1A-8FA4-C98AAE4F5DFC} = {D67B5CEB-A614-4F4A-8AFB-3DE6544B1F77}
		{15B58425-F19B-4C1E-B998-8003F44B8591} = {D67B5CEB-A614-4F4A-8AFB-3DE6544B1F77}
		{15C0583B-A379-4465-BED0-D401DE0F4128} = {D67B5CEB-A614-4F4A-8AFB-3DE6544B1F77}
		{C233A534-37E9-4937-8940-F3A596D822D4} = {2EF4C258-7982-4AE9-BB1E-B9EE722D9BD0}
		{AD3A6D64-1F00-4714-BC83-3F73D77233CA} = {2EF4C258-7982-4AE9-BB1E-B9EE722D9BD0}
		{1F1C36A3-F0D9-417D-90E5-F90AC81BA8D6} = {2EF4C258-7982-4AE9-BB1E-B9EE722D9BD0}
		{B79E9DF2-BE23-4DD3-B677-CF06E8EC7457} = {E1AE2558-3B7B-459C-BB17-F632FA104479}
		{CC82145D-E132-49D8-90D7-610EDF924F62} = {E1AE2558-3B7B-459C-BB17-F632FA104479}
		{AB5D40B0-32CB-4DC7-87CF-E19DEF53522D} = {E1AE2558-3B7B-459C-BB17-F632FA104479}
		{2EE0A2CB-5F45-4F22-9B0B-96F725E7C34B} = {3BB008B3-8523-4227-A73F-1FEEDD9A29D1}
		{22C06BC1-DB82-4417-9ED1-D75AF6843085} = {3BB008B3-8523-4227-A73F-1FEEDD9A29D1}
		{C693F4A0-644A-4B26-B4A5-EC6B1B54F126} = {3BB008B3-8523-4227-A73F-1FEEDD9A29D1}
	EndGlobalSection
	GlobalSection(ExtensibilityGlobals) = postSolution
		SolutionGuid = {13693C11-6BF8-461E-8D6E-361BC66202DD}
	EndGlobalSection
EndGlobal
